
Microsoft Visual Studio Solution File, Format Version 12.00
# Visual Studio Version 17
VisualStudioVersion = 17.14.36202.13 d17.14
MinimumVisualStudioVersion = 10.0.40219.1
Project("{FAE04EC0-301F-11D3-BF4B-00C04F79EFBC}") = "PersonalMediaCollectionTracker", "PersonalMediaCollectionTracker\PersonalMediaCollectionTracker.csproj", "{6C80B92A-0103-4181-9567-279794389784}"
EndProject
Global
	GlobalSection(SolutionConfigurationPlatforms) = preSolution
		Debug|Any CPU = Debug|Any CPU
		Release|Any CPU = Release|Any CPU
	EndGlobalSection
	GlobalSection(ProjectConfigurationPlatforms) = postSolution
		{6C80B92A-0103-4181-9567-279794389784}.Debug|Any CPU.ActiveCfg = Debug|Any CPU
		{6C80B92A-0103-4181-9567-279794389784}.Debug|Any CPU.Build.0 = Debug|Any CPU
		{6C80B92A-0103-4181-9567-279794389784}.Release|Any CPU.ActiveCfg = Release|Any CPU
		{6C80B92A-0103-4181-9567-279794389784}.Release|Any CPU.Build.0 = Release|Any CPU
	EndGlobalSection
	GlobalSection(SolutionProperties) = preSolution
		HideSolutionNode = FALSE
	EndGlobalSection
	GlobalSection(ExtensibilityGlobals) = postSolution
		SolutionGuid = {E801C665-15CF-4036-AEEB-2022CB543593}
	EndGlobalSection
EndGlobal
